lockfileVersion: 5.4

specifiers:
  '@types/b4a': ^1.6.0
  '@types/node': ^18.11.17
  b4a: ^1.6.1
  prettier: ^2.8.1
  typescript: ^4.9.4

dependencies:
  b4a: 1.6.1

devDependencies:
  '@types/b4a': 1.6.0
  '@types/node': 18.11.18
  prettier: 2.8.3
  typescript: 4.9.4

packages:

  /@types/b4a/1.6.0:
    resolution: {integrity: sha512-rYU2r5nSUPyKyufWijxgTjsFp2kLCwydj2TmKU4StJeGPHS/Fs5KHgP89DNF0jddyeAbN5mdjNDqIrjIHca60g==}
    dependencies:
      '@types/node': 18.11.18
    dev: true

  /@types/node/18.11.18:
    resolution: {integrity: sha512-DHQpWGjyQKSHj3ebjFI/wRKcqQcdR+MoFBygntYOZytCqNfkd2ZC4ARDJ2DQqhjH5p85Nnd3jhUJIXrszFX/JA==}
    dev: true

  /b4a/1.6.1:
    resolution: {integrity: sha512-AsKjNhz72yxteo/0EtQEiwkMUgk/tGmycXlbG4g3Ard2/ULtNLUykGOkeK0egmN27h0xMAhb76jYccW+XTBExA==}
    dev: false

  /prettier/2.8.3:
    resolution: {integrity: sha512-tJ/oJ4amDihPoufT5sM0Z1SKEuKay8LfVAMlbbhnnkvt6BUserZylqo2PN+p9KeljLr0OHa2rXHU1T8reeoTrw==}
    engines: {node: '>=10.13.0'}
    hasBin: true
    dev: true

  /typescript/4.9.4:
    resolution: {integrity: sha512-Uz+dTXYzxXXbsFpM86Wh3dKCxrQqUcVMxwU54orwlJjOpO3ao8L7j5lH+dWfTwgCwIuM9GQ2kvVotzYJMXTBZg==}
    engines: {node: '>=4.2.0'}
    hasBin: true
    dev: true
